
Microsoft Visual Studio Solution File, Format Version 12.00
# Visual Studio Version 17
VisualStudioVersion = 17.7.34031.279
MinimumVisualStudioVersion = 10.0.40219.1
Project("{FAE04EC0-301F-11D3-BF4B-00C04F79EFBC}") = "CRUD.WebForm", "CRUD.WebForm\CRUD.WebForm.csproj", "{ADA9D0BD-A71F-4063-B6C6-CA574BD1DB4E}"
EndProject
Project("{FAE04EC0-301F-11D3-BF4B-00C04F79EFBC}") = "CRUD.EntityLayer", "CRUD.EntityLayer\CRUD.EntityLayer.csproj", "{A84E65EC-535C-452F-8B2C-3CC6DDE7F4CF}"
EndProject
Project("{FAE04EC0-301F-11D3-BF4B-00C04F79EFBC}") = "CRUD.DataLayer", "CRUD.DataLayer\CRUD.DataLayer.csproj", "{16840935-F926-4BAD-BEEA-286185B1CFF8}"
EndProject
Project("{2150E333-8FDC-42A3-9474-1A3956D46DE8}") = "Elementos de la solución", "Elementos de la solución", "{29454A43-E55F-4A90-8463-6F28CC89E346}"
	ProjectSection(SolutionItems) = preProject
		.gitignore = .gitignore
	EndProjectSection
EndProject
Project("{FAE04EC0-301F-11D3-BF4B-00C04F79EFBC}") = "CRUD.BusinessLayer", "CRUD.BusinessLayer\CRUD.BusinessLayer.csproj", "{4897520D-5750-4AFB-A75F-B689EA1C6781}"
EndProject
Global
	GlobalSection(SolutionConfigurationPlatforms) = preSolution
		Debug|Any CPU = Debug|Any CPU
		Release|Any CPU = Release|Any CPU
	EndGlobalSection
	GlobalSection(ProjectConfigurationPlatforms) = postSolution
		{ADA9D0BD-A71F-4063-B6C6-CA574BD1DB4E}.Debug|Any CPU.ActiveCfg = Debug|Any CPU
		{ADA9D0BD-A71F-4063-B6C6-CA574BD1DB4E}.Debug|Any CPU.Build.0 = Debug|Any CPU
		{ADA9D0BD-A71F-4063-B6C6-CA574BD1DB4E}.Release|Any CPU.ActiveCfg = Release|Any CPU
		{ADA9D0BD-A71F-4063-B6C6-CA574BD1DB4E}.Release|Any CPU.Build.0 = Release|Any CPU
		{A84E65EC-535C-452F-8B2C-3CC6DDE7F4CF}.Debug|Any CPU.ActiveCfg = Debug|Any CPU
		{A84E65EC-535C-452F-8B2C-3CC6DDE7F4CF}.Debug|Any CPU.Build.0 = Debug|Any CPU
		{A84E65EC-535C-452F-8B2C-3CC6DDE7F4CF}.Release|Any CPU.ActiveCfg = Release|Any CPU
		{A84E65EC-535C-452F-8B2C-3CC6DDE7F4CF}.Release|Any CPU.Build.0 = Release|Any CPU
		{16840935-F926-4BAD-BEEA-286185B1CFF8}.Debug|Any CPU.ActiveCfg = Debug|Any CPU
		{16840935-F926-4BAD-BEEA-286185B1CFF8}.Debug|Any CPU.Build.0 = Debug|Any CPU
		{16840935-F926-4BAD-BEEA-286185B1CFF8}.Release|Any CPU.ActiveCfg = Release|Any CPU
		{16840935-F926-4BAD-BEEA-286185B1CFF8}.Release|Any CPU.Build.0 = Release|Any CPU
		{4897520D-5750-4AFB-A75F-B689EA1C6781}.Debug|Any CPU.ActiveCfg = Debug|Any CPU
		{4897520D-5750-4AFB-A75F-B689EA1C6781}.Debug|Any CPU.Build.0 = Debug|Any CPU
		{4897520D-5750-4AFB-A75F-B689EA1C6781}.Release|Any CPU.ActiveCfg = Release|Any CPU
		{4897520D-5750-4AFB-A75F-B689EA1C6781}.Release|Any CPU.Build.0 = Release|Any CPU
	EndGlobalSection
	GlobalSection(SolutionProperties) = preSolution
		HideSolutionNode = FALSE
	EndGlobalSection
	GlobalSection(ExtensibilityGlobals) = postSolution
		SolutionGuid = {0183675A-FC2B-4532-B03A-044C69831575}
	EndGlobalSection
EndGlobal
